<?xml version="1.0" encoding="utf-8"?>
<Project ToolsVersion="4.0" xmlns="http://schemas.microsoft.com/developer/msbuild/2003">
  <ItemGroup>
    <Filter Include="source">
      <UniqueIdentifier>{18ba8a3a-4812-4ef2-8178-21c6e9955528}</UniqueIdentifier>
    </Filter>
    <Filter Include="include">
      <UniqueIdentifier>{85d49604-59ef-487a-849f-db168546b2ff}</UniqueIdentifier>
    </Filter>
  </ItemGroup>
  <ItemGroup>
    <ClInclude Include="..\inc\gui.h">
      <Filter>include</Filter>
    </ClInclude>
    <ClInclude Include="..\inc\nodes.h">
      <Filter>include</Filter>
    </ClInclude>
    <ClInclude Include="..\inc\tui.h">
      <Filter>include</Filter>
    </ClInclude>
    <ClInclude Include="..\inc\ui.h">
      <Filter>include</Filter>
    </ClInclude>
    <ClInclude Include="..\inc\widget.h">
      <Filter>include</Filter>
    </ClInclude>
    <ClInclude Include="..\inc\operator.h">
      <Filter>include</Filter>
    </ClInclude>
    <ClInclude Include="..\inc\requester.h">
      <Filter>include</Filter>
    </ClInclude>
  </ItemGroup>
  <ItemGroup>
    <ClCompile Include="..\src\entry.cpp">
      <Filter>source</Filter>
    </ClCompile>
    <ClCompile Include="..\src\gui.cpp">
      <Filter>source</Filter>
    </ClCompile>
    <ClCompile Include="..\src\nodes.cpp">
      <Filter>source</Filter>
    </ClCompile>
    <ClCompile Include="..\src\tui.cpp">
      <Filter>source</Filter>
    </ClCompile>
    <ClCompile Include="..\src\ui.cpp">
      <Filter>source</Filter>
    </ClCompile>
    <ClCompile Include="..\src\widget.cpp">
      <Filter>source</Filter>
    </ClCompile>
    <ClCompile Include="..\src\operator.cpp">
      <Filter>source</Filter>
    </ClCompile>
    <ClCompile Include="..\src\requester.cpp">
      <Filter>source</Filter>
    </ClCompile>
  </ItemGroup>
</Project>